
Microsoft Visual Studio Solution File, Format Version 12.00
# Visual Studio 15
VisualStudioVersion = 15.0.28010.2046
MinimumVisualStudioVersion = 10.0.40219.1
Project("{FAE04EC0-301F-11D3-BF4B-00C04F79EFBC}") = "GMS.WebApi", "GMS.WebApi\GMS.WebApi.csproj", "{8992CD29-54D5-49A9-AFE1-A3BBB963242B}"
EndProject
Project("{FAE04EC0-301F-11D3-BF4B-00C04F79EFBC}") = "GMS.AppWeb", "GMS.AppWeb\GMS.AppWeb.csproj", "{FFB68C94-84B0-42E0-9469-73BA628CE562}"
EndProject
Project("{FAE04EC0-301F-11D3-BF4B-00C04F79EFBC}") = "GMS.Model", "GMS.Model\GMS.Model.csproj", "{3E58CB33-B5B5-4DD6-8C4D-4B007AAED0CE}"
EndProject
Project("{FAE04EC0-301F-11D3-BF4B-00C04F79EFBC}") = "GMS.Repository", "GMS.Repository\GMS.Repository.csproj", "{24707440-F2CE-4AA2-97BA-1EEF0F91AA37}"
EndProject
Project("{FAE04EC0-301F-11D3-BF4B-00C04F79EFBC}") = "GMS.Utility", "GMS.Utility\GMS.Utility.csproj", "{113A8D12-4DE8-4EBA-BE49-BADEBC3E761B}"
EndProject
Project("{FAE04EC0-301F-11D3-BF4B-00C04F79EFBC}") = "GMS.BL", "GMS.BL\GMS.BL.csproj", "{59DA694D-36B9-413A-B2F7-8384FE6147F7}"
EndProject
Project("{2150E333-8FDC-42A3-9474-1A3956D46DE8}") = "Helper", "Helper", "{05EFB136-BB2E-4042-9AA0-4C3AB755FD31}"
EndProject
Project("{FAE04EC0-301F-11D3-BF4B-00C04F79EFBC}") = "GMS.Helper", "GMS.Helper\GMS.Helper.csproj", "{07079821-16D0-4660-9F5E-D7EC01DBA6EC}"
EndProject
Project("{2150E333-8FDC-42A3-9474-1A3956D46DE8}") = "Service", "Service", "{523B67B3-3731-485B-8137-1F246A190582}"
EndProject
Project("{2150E333-8FDC-42A3-9474-1A3956D46DE8}") = "Host", "Host", "{55EDE83D-8699-467D-83EC-18E3698C39ED}"
EndProject
Project("{2150E333-8FDC-42A3-9474-1A3956D46DE8}") = "DAL", "DAL", "{F522FB89-D364-4A46-8B4E-CC917D782E40}"
EndProject
Project("{FAE04EC0-301F-11D3-BF4B-00C04F79EFBC}") = "GMS.Interface", "GMS.Interface\GMS.Interface.csproj", "{A5C61B17-95BF-4AA7-9232-D1CA4B175B79}"
EndProject
Global
	GlobalSection(SolutionConfigurationPlatforms) = preSolution
		Debug|Any CPU = Debug|Any CPU
		Release|Any CPU = Release|Any CPU
	EndGlobalSection
	GlobalSection(ProjectConfigurationPlatforms) = postSolution
		{8992CD29-54D5-49A9-AFE1-A3BBB963242B}.Debug|Any CPU.ActiveCfg = Debug|Any CPU
		{8992CD29-54D5-49A9-AFE1-A3BBB963242B}.Debug|Any CPU.Build.0 = Debug|Any CPU
		{8992CD29-54D5-49A9-AFE1-A3BBB963242B}.Release|Any CPU.ActiveCfg = Release|Any CPU
		{8992CD29-54D5-49A9-AFE1-A3BBB963242B}.Release|Any CPU.Build.0 = Release|Any CPU
		{FFB68C94-84B0-42E0-9469-73BA628CE562}.Debug|Any CPU.ActiveCfg = Debug|Any CPU
		{FFB68C94-84B0-42E0-9469-73BA628CE562}.Debug|Any CPU.Build.0 = Debug|Any CPU
		{FFB68C94-84B0-42E0-9469-73BA628CE562}.Release|Any CPU.ActiveCfg = Release|Any CPU
		{FFB68C94-84B0-42E0-9469-73BA628CE562}.Release|Any CPU.Build.0 = Release|Any CPU
		{3E58CB33-B5B5-4DD6-8C4D-4B007AAED0CE}.Debug|Any CPU.ActiveCfg = Debug|Any CPU
		{3E58CB33-B5B5-4DD6-8C4D-4B007AAED0CE}.Debug|Any CPU.Build.0 = Debug|Any CPU
		{3E58CB33-B5B5-4DD6-8C4D-4B007AAED0CE}.Release|Any CPU.ActiveCfg = Release|Any CPU
		{3E58CB33-B5B5-4DD6-8C4D-4B007AAED0CE}.Release|Any CPU.Build.0 = Release|Any CPU
		{24707440-F2CE-4AA2-97BA-1EEF0F91AA37}.Debug|Any CPU.ActiveCfg = Debug|Any CPU
		{24707440-F2CE-4AA2-97BA-1EEF0F91AA37}.Debug|Any CPU.Build.0 = Debug|Any CPU
		{24707440-F2CE-4AA2-97BA-1EEF0F91AA37}.Release|Any CPU.ActiveCfg = Release|Any CPU
		{24707440-F2CE-4AA2-97BA-1EEF0F91AA37}.Release|Any CPU.Build.0 = Release|Any CPU
		{113A8D12-4DE8-4EBA-BE49-BADEBC3E761B}.Debug|Any CPU.ActiveCfg = Debug|Any CPU
		{113A8D12-4DE8-4EBA-BE49-BADEBC3E761B}.Debug|Any CPU.Build.0 = Debug|Any CPU
		{113A8D12-4DE8-4EBA-BE49-BADEBC3E761B}.Release|Any CPU.ActiveCfg = Release|Any CPU
		{113A8D12-4DE8-4EBA-BE49-BADEBC3E761B}.Release|Any CPU.Build.0 = Release|Any CPU
		{59DA694D-36B9-413A-B2F7-8384FE6147F7}.Debug|Any CPU.ActiveCfg = Debug|Any CPU
		{59DA694D-36B9-413A-B2F7-8384FE6147F7}.Debug|Any CPU.Build.0 = Debug|Any CPU
		{59DA694D-36B9-413A-B2F7-8384FE6147F7}.Release|Any CPU.ActiveCfg = Release|Any CPU
		{59DA694D-36B9-413A-B2F7-8384FE6147F7}.Release|Any CPU.Build.0 = Release|Any CPU
		{07079821-16D0-4660-9F5E-D7EC01DBA6EC}.Debug|Any CPU.ActiveCfg = Debug|Any CPU
		{07079821-16D0-4660-9F5E-D7EC01DBA6EC}.Debug|Any CPU.Build.0 = Debug|Any CPU
		{07079821-16D0-4660-9F5E-D7EC01DBA6EC}.Release|Any CPU.ActiveCfg = Release|Any CPU
		{07079821-16D0-4660-9F5E-D7EC01DBA6EC}.Release|Any CPU.Build.0 = Release|Any CPU
		{A5C61B17-95BF-4AA7-9232-D1CA4B175B79}.Debug|Any CPU.ActiveCfg = Debug|Any CPU
		{A5C61B17-95BF-4AA7-9232-D1CA4B175B79}.Debug|Any CPU.Build.0 = Debug|Any CPU
		{A5C61B17-95BF-4AA7-9232-D1CA4B175B79}.Release|Any CPU.ActiveCfg = Release|Any CPU
		{A5C61B17-95BF-4AA7-9232-D1CA4B175B79}.Release|Any CPU.Build.0 = Release|Any CPU
	EndGlobalSection
	GlobalSection(SolutionProperties) = preSolution
		HideSolutionNode = FALSE
	EndGlobalSection
	GlobalSection(NestedProjects) = preSolution
		{8992CD29-54D5-49A9-AFE1-A3BBB963242B} = {55EDE83D-8699-467D-83EC-18E3698C39ED}
		{FFB68C94-84B0-42E0-9469-73BA628CE562} = {55EDE83D-8699-467D-83EC-18E3698C39ED}
		{3E58CB33-B5B5-4DD6-8C4D-4B007AAED0CE} = {F522FB89-D364-4A46-8B4E-CC917D782E40}
		{24707440-F2CE-4AA2-97BA-1EEF0F91AA37} = {F522FB89-D364-4A46-8B4E-CC917D782E40}
		{113A8D12-4DE8-4EBA-BE49-BADEBC3E761B} = {523B67B3-3731-485B-8137-1F246A190582}
		{59DA694D-36B9-413A-B2F7-8384FE6147F7} = {523B67B3-3731-485B-8137-1F246A190582}
		{07079821-16D0-4660-9F5E-D7EC01DBA6EC} = {05EFB136-BB2E-4042-9AA0-4C3AB755FD31}
		{A5C61B17-95BF-4AA7-9232-D1CA4B175B79} = {523B67B3-3731-485B-8137-1F246A190582}
	EndGlobalSection
	GlobalSection(ExtensibilityGlobals) = postSolution
		SolutionGuid = {C79A6FC9-9FB9-43CE-995E-7272ADDABB46}
	EndGlobalSection
EndGlobal
